
Microsoft Visual Studio Solution File, Format Version 12.00
# Visual Studio Version 16
VisualStudioVersion = 25.0.1705.1
MinimumVisualStudioVersion = 10.0.40219.1
Project("{FAE04EC0-301F-11D3-BF4B-00C04F79EFBC}") = "Week_9", "Week_9\Week_9.csproj", "{5B7A112E-8F50-4884-9077-B8A4136CF55B}"
EndProject
Global
	GlobalSection(SolutionConfigurationPlatforms) = preSolution
		Debug|Any CPU = Debug|Any CPU
		Release|Any CPU = Release|Any CPU
	EndGlobalSection
	GlobalSection(ProjectConfigurationPlatforms) = postSolution
		{5B7A112E-8F50-4884-9077-B8A4136CF55B}.Debug|Any CPU.ActiveCfg = Debug|Any CPU
		{5B7A112E-8F50-4884-9077-B8A4136CF55B}.Debug|Any CPU.Build.0 = Debug|Any CPU
		{5B7A112E-8F50-4884-9077-B8A4136CF55B}.Release|Any CPU.ActiveCfg = Release|Any CPU
		{5B7A112E-8F50-4884-9077-B8A4136CF55B}.Release|Any CPU.Build.0 = Release|Any CPU
	EndGlobalSection
	GlobalSection(SolutionProperties) = preSolution
		HideSolutionNode = FALSE
	EndGlobalSection
	GlobalSection(ExtensibilityGlobals) = postSolution
		SolutionGuid = {B74074A6-7403-420A-B597-151B5522A47D}
	EndGlobalSection
EndGlobal
